
Microsoft Visual Studio Solution File, Format Version 12.00
# Visual Studio Version 17
VisualStudioVersion = 17.1.32407.343
MinimumVisualStudioVersion = 10.0.40219.1
Project("{9A19103F-16F7-4668-BE54-9A1E7A4F7556}") = "TaskExecutor", "TaskExecutor\TaskExecutor.csproj", "{48B24844-8531-4E9E-B1D3-EF51091FACDC}"
EndProject
Global
	GlobalSection(SolutionConfigurationPlatforms) = preSolution
		Debug|Any CPU = Debug|Any CPU
		Release|Any CPU = Release|Any CPU
	EndGlobalSection
	GlobalSection(ProjectConfigurationPlatforms) = postSolution
		{48B24844-8531-4E9E-B1D3-EF51091FACDC}.Debug|Any CPU.ActiveCfg = Debug|Any CPU
		{48B24844-8531-4E9E-B1D3-EF51091FACDC}.Debug|Any CPU.Build.0 = Debug|Any CPU
		{48B24844-8531-4E9E-B1D3-EF51091FACDC}.Release|Any CPU.ActiveCfg = Release|Any CPU
		{48B24844-8531-4E9E-B1D3-EF51091FACDC}.Release|Any CPU.Build.0 = Release|Any CPU
	EndGlobalSection
	GlobalSection(SolutionProperties) = preSolution
		HideSolutionNode = FALSE
	EndGlobalSection
	GlobalSection(ExtensibilityGlobals) = postSolution
		SolutionGuid = {0797C761-C889-4B8C-889E-4DC01CB00EE1}
	EndGlobalSection
EndGlobal
